// !$*UTF8*$!
{
	archiveVersion = 1;
	classes = {
	};
	objectVersion = 46;
	objects = {

/* Begin PBXBuildFile section */
		71378FD519802ACF006AAB8E /* Foundation.framework in Frameworks */ = {isa = PBXBuildFile; fileRef = 71378FD419802ACF006AAB8E /* Foundation.framework */; };
		71378FD719802ACF006AAB8E /* CoreGraphics.framework in Frameworks */ = {isa = PBXBuildFile; fileRef = 71378FD619802ACF006AAB8E /* CoreGraphics.framework */; };
		71378FD919802ACF006AAB8E /* UIKit.framework in Frameworks */ = {isa = PBXBuildFile; fileRef = 71378FD819802ACF006AAB8E /* UIKit.framework */; };
		71378FDF19802ACF006AAB8E /* InfoPlist.strings in Resources */ = {isa = PBXBuildFile; fileRef = 71378FDD19802ACF006AAB8E /* InfoPlist.strings */; };
		71378FE119802ACF006AAB8E /* main.m in Sources */ = {isa = PBXBuildFile; fileRef = 71378FE019802ACF006AAB8E /* main.m */; };
		71378FE519802ACF006AAB8E /* LMRAppDelegate.m in Sources */ = {isa = PBXBuildFile; fileRef = 71378FE419802ACF006AAB8E /* LMRAppDelegate.m */; };
		71378FE819802ACF006AAB8E /* Main.storyboard in Resources */ = {isa = PBXBuildFile; fileRef = 71378FE619802ACF006AAB8E /* Main.storyboard */; };
		71378FEB19802ACF006AAB8E /* LMRViewController.m in Sources */ = {isa = PBXBuildFile; fileRef = 71378FEA19802ACF006AAB8E /* LMRViewController.m */; };
		71378FED19802ACF006AAB8E /* Images.xcassets in Resources */ = {isa = PBXBuildFile; fileRef = 71378FEC19802ACF006AAB8E /* Images.xcassets */; };
		71378FF419802ACF006AAB8E /* XCTest.framework in Frameworks */ = {isa = PBXBuildFile; fileRef = 71378FF319802ACF006AAB8E /* XCTest.framework */; };
		71378FF519802ACF006AAB8E /* Foundation.framework in Frameworks */ = {isa = PBXBuildFile; fileRef = 71378FD419802ACF006AAB8E /* Foundation.framework */; };
		71378FF619802ACF006AAB8E /* UIKit.framework in Frameworks */ = {isa = PBXBuildFile; fileRef = 71378FD819802ACF006AAB8E /* UIKit.framework */; };
		71378FFE19802ACF006AAB8E /* InfoPlist.strings in Resources */ = {isa = PBXBuildFile; fileRef = 71378FFC19802ACF006AAB8E /* InfoPlist.strings */; };
		7137900019802ACF006AAB8E /* WakeMeUpWhenWeAreThereTests.m in Sources */ = {isa = PBXBuildFile; fileRef = 71378FFF19802ACF006AAB8E /* WakeMeUpWhenWeAreThereTests.m */; };
		7137900A19802B5E006AAB8E /* CoreLocation.framework in Frameworks */ = {isa = PBXBuildFile; fileRef = 7137900919802B5E006AAB8E /* CoreLocation.framework */; };
		7137900C19802B6B006AAB8E /* CoreData.framework in Frameworks */ = {isa = PBXBuildFile; fileRef = 7137900B19802B6B006AAB8E /* CoreData.framework */; };
		71E74D171981169D00FFAF36 /* LMRGeoCoder.m in Sources */ = {isa = PBXBuildFile; fileRef = 71E74D161981169D00FFAF36 /* LMRGeoCoder.m */; };
		71E74D1A198116B800FFAF36 /* LMRGeoFencer.m in Sources */ = {isa = PBXBuildFile; fileRef = 71E74D19198116B800FFAF36 /* LMRGeoFencer.m */; };
		71E74D1D198116CB00FFAF36 /* LMRDataStore.m in Sources */ = {isa = PBXBuildFile; fileRef = 71E74D1C198116CB00FFAF36 /* LMRDataStore.m */; };
		71E74D2019811F3800FFAF36 /* LMRLocationsTableViewController.m in Sources */ = {isa = PBXBuildFile; fileRef = 71E74D1F19811F3800FFAF36 /* LMRLocationsTableViewController.m */; };
/* End PBXBuildFile section */

/* Begin PBXContainerItemProxy section */
		71378FF719802ACF006AAB8E /* PBXContainerItemProxy */ = {
			isa = PBXContainerItemProxy;
			containerPortal = 71378FC919802ACF006AAB8E /* Project object */;
			proxyType = 1;
			remoteGlobalIDString = 71378FD019802ACF006AAB8E;
			remoteInfo = WakeMeUpWhenWeAreThere;
		};
/* End PBXContainerItemProxy section */

/* Begin PBXFileReference section */
		71378FD119802ACF006AAB8E /* WakeMeUpWhenWeAreThere.app */ = {isa = PBXFileReference; explicitFileType = wrapper.application; includeInIndex = 0; path = WakeMeUpWhenWeAreThere.app; sourceTree = BUILT_PRODUCTS_DIR; };
		71378FD419802ACF006AAB8E /* Foundation.framework */ = {isa = PBXFileReference; lastKnownFileType = wrapper.framework; name = Foundation.framework; path = System/Library/Frameworks/Foundation.framework; sourceTree = SDKROOT; };
		71378FD619802ACF006AAB8E /* CoreGraphics.framework */ = {isa = PBXFileReference; lastKnownFileType = wrapper.framework; name = CoreGraphics.framework; path = System/Library/Frameworks/CoreGraphics.framework; sourceTree = SDKROOT; };
		71378FD819802ACF006AAB8E /* UIKit.framework */ = {isa = PBXFileReference; lastKnownFileType = wrapper.framework; name = UIKit.framework; path = System/Library/Frameworks/UIKit.framework; sourceTree = SDKROOT; };
		71378FDC19802ACF006AAB8E /* WakeMeUpWhenWeAreThere-Info.plist */ = {isa = PBXFileReference; lastKnownFileType = text.plist.xml; path = "WakeMeUpWhenWeAreThere-Info.plist"; sourceTree = "<group>"; };
		71378FDE19802ACF006AAB8E /* en */ = {isa = PBXFileReference; lastKnownFileType = text.plist.strings; name = en; path = en.lproj/InfoPlist.strings; sourceTree = "<group>"; };
		71378FE019802ACF006AAB8E /* main.m */ = {isa = PBXFileReference; lastKnownFileType = sourcecode.c.objc; path = main.m; sourceTree = "<group>"; };
		71378FE219802ACF006AAB8E /* WakeMeUpWhenWeAreThere-Prefix.pch */ = {isa = PBXFileReference; lastKnownFileType = sourcecode.c.h; path = "WakeMeUpWhenWeAreThere-Prefix.pch"; sourceTree = "<group>"; };
		71378FE319802ACF006AAB8E /* LMRAppDelegate.h */ = {isa = PBXFileReference; lastKnownFileType = sourcecode.c.h; path = LMRAppDelegate.h; sourceTree = "<group>"; };
		71378FE419802ACF006AAB8E /* LMRAppDelegate.m */ = {isa = PBXFileReference; lastKnownFileType = sourcecode.c.objc; path = LMRAppDelegate.m; sourceTree = "<group>"; };
		71378FE719802ACF006AAB8E /* Base */ = {isa = PBXFileReference; lastKnownFileType = file.storyboard; name = Base; path = Base.lproj/Main.storyboard; sourceTree = "<group>"; };
		71378FE919802ACF006AAB8E /* LMRViewController.h */ = {isa = PBXFileReference; lastKnownFileType = sourcecode.c.h; path = LMRViewController.h; sourceTree = "<group>"; };
		71378FEA19802ACF006AAB8E /* LMRViewController.m */ = {isa = PBXFileReference; lastKnownFileType = sourcecode.c.objc; path = LMRViewController.m; sourceTree = "<group>"; };
		71378FEC19802ACF006AAB8E /* Images.xcassets */ = {isa = PBXFileReference; lastKnownFileType = folder.assetcatalog; path = Images.xcassets; sourceTree = "<group>"; };
		71378FF219802ACF006AAB8E /* WakeMeUpWhenWeAreThereTests.xctest */ = {isa = PBXFileReference; explicitFileType = wrapper.cfbundle; includeInIndex = 0; path = WakeMeUpWhenWeAreThereTests.xctest; sourceTree = BUILT_PRODUCTS_DIR; };
		71378FF319802ACF006AAB8E /* XCTest.framework */ = {isa = PBXFileReference; lastKnownFileType = wrapper.framework; name = XCTest.framework; path = Library/Frameworks/XCTest.framework; sourceTree = DEVELOPER_DIR; };
		71378FFB19802ACF006AAB8E /* WakeMeUpWhenWeAreThereTests-Info.plist */ = {isa = PBXFileReference; lastKnownFileType = text.plist.xml; path = "WakeMeUpWhenWeAreThereTests-Info.plist"; sourceTree = "<group>"; };
		71378FFD19802ACF006AAB8E /* en */ = {isa = PBXFileReference; lastKnownFileType = text.plist.strings; name = en; path = en.lproj/InfoPlist.strings; sourceTree = "<group>"; };
		71378FFF19802ACF006AAB8E /* WakeMeUpWhenWeAreThereTests.m */ = {isa = PBXFileReference; lastKnownFileType = sourcecode.c.objc; path = WakeMeUpWhenWeAreThereTests.m; sourceTree = "<group>"; };
		7137900919802B5E006AAB8E /* CoreLocation.framework */ = {isa = PBXFileReference; lastKnownFileType = wrapper.framework; name = CoreLocation.framework; path = System/Library/Frameworks/CoreLocation.framework; sourceTree = SDKROOT; };
		7137900B19802B6B006AAB8E /* CoreData.framework */ = {isa = PBXFileReference; lastKnownFileType = wrapper.framework; name = CoreData.framework; path = System/Library/Frameworks/CoreData.framework; sourceTree = SDKROOT; };
		71E74D151981169D00FFAF36 /* LMRGeoCoder.h */ = {isa = PBXFileReference; fileEncoding = 4; lastKnownFileType = sourcecode.c.h; path = LMRGeoCoder.h; sourceTree = "<group>"; };
		71E74D161981169D00FFAF36 /* LMRGeoCoder.m */ = {isa = PBXFileReference; fileEncoding = 4; lastKnownFileType = sourcecode.c.objc; path = LMRGeoCoder.m; sourceTree = "<group>"; };
		71E74D18198116B800FFAF36 /* LMRGeoFencer.h */ = {isa = PBXFileReference; fileEncoding = 4; lastKnownFileType = sourcecode.c.h; path = LMRGeoFencer.h; sourceTree = "<group>"; };
		71E74D19198116B800FFAF36 /* LMRGeoFencer.m */ = {isa = PBXFileReference; fileEncoding = 4; lastKnownFileType = sourcecode.c.objc; path = LMRGeoFencer.m; sourceTree = "<group>"; };
		71E74D1B198116CB00FFAF36 /* LMRDataStore.h */ = {isa = PBXFileReference; fileEncoding = 4; lastKnownFileType = sourcecode.c.h; path = LMRDataStore.h; sourceTree = "<group>"; };
		71E74D1C198116CB00FFAF36 /* LMRDataStore.m */ = {isa = PBXFileReference; fileEncoding = 4; lastKnownFileType = sourcecode.c.objc; path = LMRDataStore.m; sourceTree = "<group>"; };
		71E74D1E19811F3800FFAF36 /* LMRLocationsTableViewController.h */ = {isa = PBXFileReference; fileEncoding = 4; lastKnownFileType = sourcecode.c.h; path = LMRLocationsTableViewController.h; sourceTree = "<group>"; };
		71E74D1F19811F3800FFAF36 /* LMRLocationsTableViewController.m */ = {isa = PBXFileReference; fileEncoding = 4; lastKnownFileType = sourcecode.c.objc; path = LMRLocationsTableViewController.m; sourceTree = "<group>"; };
/* End PBXFileReference section */

/* Begin PBXFrameworksBuildPhase section */
		71378FCE19802ACF006AAB8E /* Frameworks */ = {
			isa = PBXFrameworksBuildPhase;
			buildActionMask = 2147483647;
			files = (
				7137900C19802B6B006AAB8E /* CoreData.framework in Frameworks */,
				7137900A19802B5E006AAB8E /* CoreLocation.framework in Frameworks */,
				71378FD719802ACF006AAB8E /* CoreGraphics.framework in Frameworks */,
				71378FD919802ACF006AAB8E /* UIKit.framework in Frameworks */,
				71378FD519802ACF006AAB8E /* Foundation.framework in Frameworks */,
			);
			runOnlyForDeploymentPostprocessing = 0;
		};
		71378FEF19802ACF006AAB8E /* Frameworks */ = {
			isa = PBXFrameworksBuildPhase;
			buildActionMask = 2147483647;
			files = (
				71378FF419802ACF006AAB8E /* XCTest.framework in Frameworks */,
				71378FF619802ACF006AAB8E /* UIKit.framework in Frameworks */,
				71378FF519802ACF006AAB8E /* Foundation.framework in Frameworks */,
			);
			runOnlyForDeploymentPostprocessing = 0;
		};
/* End PBXFrameworksBuildPhase section */

/* Begin PBXGroup section */
		71378FC819802ACF006AAB8E = {
			isa = PBXGroup;
			children = (
				71378FDA19802ACF006AAB8E /* WakeMeUpWhenWeAreThere */,
				71378FF919802ACF006AAB8E /* WakeMeUpWhenWeAreThereTests */,
				71378FD319802ACF006AAB8E /* Frameworks */,
				71378FD219802ACF006AAB8E /* Products */,
			);
			sourceTree = "<group>";
		};
		71378FD219802ACF006AAB8E /* Products */ = {
			isa = PBXGroup;
			children = (
				71378FD119802ACF006AAB8E /* WakeMeUpWhenWeAreThere.app */,
				71378FF219802ACF006AAB8E /* WakeMeUpWhenWeAreThereTests.xctest */,
			);
			name = Products;
			sourceTree = "<group>";
		};
		71378FD319802ACF006AAB8E /* Frameworks */ = {
			isa = PBXGroup;
			children = (
				7137900B19802B6B006AAB8E /* CoreData.framework */,
				7137900919802B5E006AAB8E /* CoreLocation.framework */,
				71378FD419802ACF006AAB8E /* Foundation.framework */,
				71378FD619802ACF006AAB8E /* CoreGraphics.framework */,
				71378FD819802ACF006AAB8E /* UIKit.framework */,
				71378FF319802ACF006AAB8E /* XCTest.framework */,
			);
			name = Frameworks;
			sourceTree = "<group>";
		};
		71378FDA19802ACF006AAB8E /* WakeMeUpWhenWeAreThere */ = {
			isa = PBXGroup;
			children = (
				71378FE319802ACF006AAB8E /* LMRAppDelegate.h */,
				71378FE419802ACF006AAB8E /* LMRAppDelegate.m */,
				71378FE619802ACF006AAB8E /* Main.storyboard */,
				71378FE919802ACF006AAB8E /* LMRViewController.h */,
				71378FEA19802ACF006AAB8E /* LMRViewController.m */,
				71E74D1E19811F3800FFAF36 /* LMRLocationsTableViewController.h */,
				71E74D1F19811F3800FFAF36 /* LMRLocationsTableViewController.m */,
				71E74D151981169D00FFAF36 /* LMRGeoCoder.h */,
				71E74D161981169D00FFAF36 /* LMRGeoCoder.m */,
				71E74D18198116B800FFAF36 /* LMRGeoFencer.h */,
				71E74D19198116B800FFAF36 /* LMRGeoFencer.m */,
				71E74D1B198116CB00FFAF36 /* LMRDataStore.h */,
				71E74D1C198116CB00FFAF36 /* LMRDataStore.m */,
				71378FEC19802ACF006AAB8E /* Images.xcassets */,
				71378FDB19802ACF006AAB8E /* Supporting Files */,
			);
			path = WakeMeUpWhenWeAreThere;
			sourceTree = "<group>";
		};
		71378FDB19802ACF006AAB8E /* Supporting Files */ = {
			isa = PBXGroup;
			children = (
				71378FDC19802ACF006AAB8E /* WakeMeUpWhenWeAreThere-Info.plist */,
				71378FDD19802ACF006AAB8E /* InfoPlist.strings */,
				71378FE019802ACF006AAB8E /* main.m */,
				71378FE219802ACF006AAB8E /* WakeMeUpWhenWeAreThere-Prefix.pch */,
			);
			name = "Supporting Files";
			sourceTree = "<group>";
		};
		71378FF919802ACF006AAB8E /* WakeMeUpWhenWeAreThereTests */ = {
			isa = PBXGroup;
			children = (
				71378FFF19802ACF006AAB8E /* WakeMeUpWhenWeAreThereTests.m */,
				71378FFA19802ACF006AAB8E /* Supporting Files */,
			);
			path = WakeMeUpWhenWeAreThereTests;
			sourceTree = "<group>";
		};
		71378FFA19802ACF006AAB8E /* Supporting Files */ = {
			isa = PBXGroup;
			children = (
				71378FFB19802ACF006AAB8E /* WakeMeUpWhenWeAreThereTests-Info.plist */,
				71378FFC19802ACF006AAB8E /* InfoPlist.strings */,
			);
			name = "Supporting Files";
			sourceTree = "<group>";
		};
/* End PBXGroup section */

/* Begin PBXNativeTarget section */
		71378FD019802ACF006AAB8E /* WakeMeUpWhenWeAreThere */ = {
			isa = PBXNativeTarget;
			buildConfigurationList = 7137900319802ACF006AAB8E /* Build configuration list for PBXNativeTarget "WakeMeUpWhenWeAreThere" */;
			buildPhases = (
				71378FCD19802ACF006AAB8E /* Sources */,
				71378FCE19802ACF006AAB8E /* Frameworks */,
				71378FCF19802ACF006AAB8E /* Resources */,
			);
			buildRules = (
			);
			dependencies = (
			);
			name = WakeMeUpWhenWeAreThere;
			productName = WakeMeUpWhenWeAreThere;
			productReference = 71378FD119802ACF006AAB8E /* WakeMeUpWhenWeAreThere.app */;
			productType = "com.apple.product-type.application";
		};
		71378FF119802ACF006AAB8E /* WakeMeUpWhenWeAreThereTests */ = {
			isa = PBXNativeTarget;
			buildConfigurationList = 7137900619802ACF006AAB8E /* Build configuration list for PBXNativeTarget "WakeMeUpWhenWeAreThereTests" */;
			buildPhases = (
				71378FEE19802ACF006AAB8E /* Sources */,
				71378FEF19802ACF006AAB8E /* Frameworks */,
				71378FF019802ACF006AAB8E /* Resources */,
			);
			buildRules = (
			);
			dependencies = (
				71378FF819802ACF006AAB8E /* PBXTargetDependency */,
			);
			name = WakeMeUpWhenWeAreThereTests;
			productName = WakeMeUpWhenWeAreThereTests;
			productReference = 71378FF219802ACF006AAB8E /* WakeMeUpWhenWeAreThereTests.xctest */;
			productType = "com.apple.product-type.bundle.unit-test";
		};
/* End PBXNativeTarget section */

/* Begin PBXProject section */
		71378FC919802ACF006AAB8E /* Project object */ = {
			isa = PBXProject;
			attributes = {
				CLASSPREFIX = LMR;
				LastUpgradeCheck = 0510;
				ORGANIZATIONNAME = "Leo Reubelt";
				TargetAttributes = {
					71378FF119802ACF006AAB8E = {
						TestTargetID = 71378FD019802ACF006AAB8E;
					};
				};
			};
			buildConfigurationList = 71378FCC19802ACF006AAB8E /* Build configuration list for PBXProject "WakeMeUpWhenWeAreThere" */;
			compatibilityVersion = "Xcode 3.2";
			developmentRegion = English;
			hasScannedForEncodings = 0;
			knownRegions = (
				en,
				Base,
			);
			mainGroup = 71378FC819802ACF006AAB8E;
			productRefGroup = 71378FD219802ACF006AAB8E /* Products */;
			projectDirPath = "";
			projectRoot = "";
			targets = (
				71378FD019802ACF006AAB8E /* WakeMeUpWhenWeAreThere */,
				71378FF119802ACF006AAB8E /* WakeMeUpWhenWeAreThereTests */,
			);
		};
/* End PBXProject section */

/* Begin PBXResourcesBuildPhase section */
		71378FCF19802ACF006AAB8E /* Resources */ = {
			isa = PBXResourcesBuildPhase;
			buildActionMask = 2147483647;
			files = (
				71378FED19802ACF006AAB8E /* Images.xcassets in Resources */,
				71378FDF19802ACF006AAB8E /* InfoPlist.strings in Resources */,
				71378FE819802ACF006AAB8E /* Main.storyboard in Resources */,
			);
			runOnlyForDeploymentPostprocessing = 0;
		};
		71378FF019802ACF006AAB8E /* Resources */ = {
			isa = PBXResourcesBuildPhase;
			buildActionMask = 2147483647;
			files = (
				71378FFE19802ACF006AAB8E /* InfoPlist.strings in Resources */,
			);
			runOnlyForDeploymentPostprocessing = 0;
		};
/* End PBXResourcesBuildPhase section */

/* Begin PBXSourcesBuildPhase section */
		71378FCD19802ACF006AAB8E /* Sources */ = {
			isa = PBXSourcesBuildPhase;
			buildActionMask = 2147483647;
			files = (
				71378FE519802ACF006AAB8E /* LMRAppDelegate.m in Sources */,
				71E74D1D198116CB00FFAF36 /* LMRDataStore.m in Sources */,
				71378FE119802ACF006AAB8E /* main.m in Sources */,
				71378FEB19802ACF006AAB8E /* LMRViewController.m in Sources */,
				71E74D2019811F3800FFAF36 /* LMRLocationsTableViewController.m in Sources */,
				71E74D171981169D00FFAF36 /* LMRGeoCoder.m in Sources */,
				71E74D1A198116B800FFAF36 /* LMRGeoFencer.m in Sources */,
			);
			runOnlyForDeploymentPostprocessing = 0;
		};
		71378FEE19802ACF006AAB8E /* Sources */ = {
			isa = PBXSourcesBuildPhase;
			buildActionMask = 2147483647;
			files = (
				7137900019802ACF006AAB8E /* WakeMeUpWhenWeAreThereTests.m in Sources */,
			);
			runOnlyForDeploymentPostprocessing = 0;
		};
/* End PBXSourcesBuildPhase section */

/* Begin PBXTargetDependency section */
		71378FF819802ACF006AAB8E /* PBXTargetDependency */ = {
			isa = PBXTargetDependency;
			target = 71378FD019802ACF006AAB8E /* WakeMeUpWhenWeAreThere */;
			targetProxy = 71378FF719802ACF006AAB8E /* PBXContainerItemProxy */;
		};
/* End PBXTargetDependency section */

/* Begin PBXVariantGroup section */
		71378FDD19802ACF006AAB8E /* InfoPlist.strings */ = {
			isa = PBXVariantGroup;
			children = (
				71378FDE19802ACF006AAB8E /* en */,
			);
			name = InfoPlist.strings;
			sourceTree = "<group>";
		};
		71378FE619802ACF006AAB8E /* Main.storyboard */ = {
			isa = PBXVariantGroup;
			children = (
				71378FE719802ACF006AAB8E /* Base */,
			);
			name = Main.storyboard;
			sourceTree = "<group>";
		};
		71378FFC19802ACF006AAB8E /* InfoPlist.strings */ = {
			isa = PBXVariantGroup;
			children = (
				71378FFD19802ACF006AAB8E /* en */,
			);
			name = InfoPlist.strings;
			sourceTree = "<group>";
		};
/* End PBXVariantGroup section */

/* Begin XCBuildConfiguration section */
		7137900119802ACF006AAB8E /* Debug */ = {
			isa = XCBuildConfiguration;
			buildSettings = {
				ALWAYS_SEARCH_USER_PATHS = NO;
				CLANG_CXX_LANGUAGE_STANDARD = "gnu++0x";
				CLANG_CXX_LIBRARY = "libc++";
				CLANG_ENABLE_MODULES = YES;
				CLANG_ENABLE_OBJC_ARC = YES;
				CLANG_WARN_BOOL_CONVERSION = YES;
				CLANG_WARN_CONSTANT_CONVERSION = YES;
				CLANG_WARN_DIRECT_OBJC_ISA_USAGE = YES_ERROR;
				CLANG_WARN_EMPTY_BODY = YES;
				CLANG_WARN_ENUM_CONVERSION = YES;
				CLANG_WARN_INT_CONVERSION = YES;
				CLANG_WARN_OBJC_ROOT_CLASS = YES_ERROR;
				CLANG_WARN__DUPLICATE_METHOD_MATCH = YES;
				"CODE_SIGN_IDENTITY[sdk=iphoneos*]" = "iPhone Developer";
				COPY_PHASE_STRIP = NO;
				GCC_C_LANGUAGE_STANDARD = gnu99;
				GCC_DYNAMIC_NO_PIC = NO;
				GCC_OPTIMIZATION_LEVEL = 0;
				GCC_PREPROCESSOR_DEFINITIONS = (
					"DEBUG=1",
					"$(inherited)",
				);
				GCC_SYMBOLS_PRIVATE_EXTERN = NO;
				GCC_WARN_64_TO_32_BIT_CONVERSION = YES;
				GCC_WARN_ABOUT_RETURN_TYPE = YES_ERROR;
				GCC_WARN_UNDECLARED_SELECTOR = YES;
				GCC_WARN_UNINITIALIZED_AUTOS = YES_AGGRESSIVE;
				GCC_WARN_UNUSED_FUNCTION = YES;
				GCC_WARN_UNUSED_VARIABLE = YES;
				IPHONEOS_DEPLOYMENT_TARGET = 7.1;
				ONLY_ACTIVE_ARCH = YES;
				SDKROOT = iphoneos;
			};
			name = Debug;
		};
		7137900219802ACF006AAB8E /* Release */ = {
			isa = XCBuildConfiguration;
			buildSettings = {
				ALWAYS_SEARCH_USER_PATHS = NO;
				CLANG_CXX_LANGUAGE_STANDARD = "gnu++0x";
				CLANG_CXX_LIBRARY = "libc++";
				CLANG_ENABLE_MODULES = YES;
				CLANG_ENABLE_OBJC_ARC = YES;
				CLANG_WARN_BOOL_CONVERSION = YES;
				CLANG_WARN_CONSTANT_CONVERSION = YES;
				CLANG_WARN_DIRECT_OBJC_ISA_USAGE = YES_ERROR;
				CLANG_WARN_EMPTY_BODY = YES;
				CLANG_WARN_ENUM_CONVERSION = YES;
				CLANG_WARN_INT_CONVERSION = YES;
				CLANG_WARN_OBJC_ROOT_CLASS = YES_ERROR;
				CLANG_WARN__DUPLICATE_METHOD_MATCH = YES;
				"CODE_SIGN_IDENTITY[sdk=iphoneos*]" = "iPhone Developer";
				COPY_PHASE_STRIP = YES;
				ENABLE_NS_ASSERTIONS = NO;
				GCC_C_LANGUAGE_STANDARD = gnu99;
				GCC_WARN_64_TO_32_BIT_CONVERSION = YES;
				GCC_WARN_ABOUT_RETURN_TYPE = YES_ERROR;
				GCC_WARN_UNDECLARED_SELECTOR = YES;
				GCC_WARN_UNINITIALIZED_AUTOS = YES_AGGRESSIVE;
				GCC_WARN_UNUSED_FUNCTION = YES;
				GCC_WARN_UNUSED_VARIABLE = YES;
				IPHONEOS_DEPLOYMENT_TARGET = 7.1;
				SDKROOT = iphoneos;
				VALIDATE_PRODUCT = YES;
			};
			name = Release;
		};
		7137900419802ACF006AAB8E /* Debug */ = {
			isa = XCBuildConfiguration;
			buildSettings = {
				ASSETCATALOG_COMPILER_APPICON_NAME = AppIcon;
				ASSETCATALOG_COMPILER_LAUNCHIMAGE_NAME = LaunchImage;
				GCC_PRECOMPILE_PREFIX_HEADER = YES;
				GCC_PREFIX_HEADER = "WakeMeUpWhenWeAreThere/WakeMeUpWhenWeAreThere-Prefix.pch";
				INFOPLIST_FILE = "WakeMeUpWhenWeAreThere/WakeMeUpWhenWeAreThere-Info.plist";
				PRODUCT_NAME = "$(TARGET_NAME)";
				WRAPPER_EXTENSION = app;
			};
			name = Debug;
		};
		7137900519802ACF006AAB8E /* Release */ = {
			isa = XCBuildConfiguration;
			buildSettings = {
				ASSETCATALOG_COMPILER_APPICON_NAME = AppIcon;
				ASSETCATALOG_COMPILER_LAUNCHIMAGE_NAME = LaunchImage;
				GCC_PRECOMPILE_PREFIX_HEADER = YES;
				GCC_PREFIX_HEADER = "WakeMeUpWhenWeAreThere/WakeMeUpWhenWeAreThere-Prefix.pch";
				INFOPLIST_FILE = "WakeMeUpWhenWeAreThere/WakeMeUpWhenWeAreThere-Info.plist";
				PRODUCT_NAME = "$(TARGET_NAME)";
				WRAPPER_EXTENSION = app;
			};
			name = Release;
		};
		7137900719802ACF006AAB8E /* Debug */ = {
			isa = XCBuildConfiguration;
			buildSettings = {
				BUNDLE_LOADER = "$(BUILT_PRODUCTS_DIR)/WakeMeUpWhenWeAreThere.app/WakeMeUpWhenWeAreThere";
				FRAMEWORK_SEARCH_PATHS = (
					"$(SDKROOT)/Developer/Library/Frameworks",
					"$(inherited)",
					"$(DEVELOPER_FRAMEWORKS_DIR)",
				);
				GCC_PRECOMPILE_PREFIX_HEADER = YES;
				GCC_PREFIX_HEADER = "WakeMeUpWhenWeAreThere/WakeMeUpWhenWeAreThere-Prefix.pch";
				GCC_PREPROCESSOR_DEFINITIONS = (
					"DEBUG=1",
					"$(inherited)",
				);
				INFOPLIST_FILE = "WakeMeUpWhenWeAreThereTests/WakeMeUpWhenWeAreThereTests-Info.plist";
				PRODUCT_NAME = "$(TARGET_NAME)";
				TEST_HOST = "$(BUNDLE_LOADER)";
				WRAPPER_EXTENSION = xctest;
			};
			name = Debug;
		};
		7137900819802ACF006AAB8E /* Release */ = {
			isa = XCBuildConfiguration;
			buildSettings = {
				BUNDLE_LOADER = "$(BUILT_PRODUCTS_DIR)/WakeMeUpWhenWeAreThere.app/WakeMeUpWhenWeAreThere";
				FRAMEWORK_SEARCH_PATHS = (
					"$(SDKROOT)/Developer/Library/Frameworks",
					"$(inherited)",
					"$(DEVELOPER_FRAMEWORKS_DIR)",
				);
				GCC_PRECOMPILE_PREFIX_HEADER = YES;
				GCC_PREFIX_HEADER = "WakeMeUpWhenWeAreThere/WakeMeUpWhenWeAreThere-Prefix.pch";
				INFOPLIST_FILE = "WakeMeUpWhenWeAreThereTests/WakeMeUpWhenWeAreThereTests-Info.plist";
				PRODUCT_NAME = "$(TARGET_NAME)";
				TEST_HOST = "$(BUNDLE_LOADER)";
				WRAPPER_EXTENSION = xctest;
			};
			name = Release;
		};
/* End XCBuildConfiguration section */

/* Begin XCConfigurationList section */
		71378FCC19802ACF006AAB8E /* Build configuration list for PBXProject "WakeMeUpWhenWeAreThere" */ = {
			isa = XCConfigurationList;
			buildConfigurations = (
				7137900119802ACF006AAB8E /* Debug */,
				7137900219802ACF006AAB8E /* Release */,
			);
			defaultConfigurationIsVisible = 0;
			defaultConfigurationName = Release;
		};
		7137900319802ACF006AAB8E /* Build configuration list for PBXNativeTarget "WakeMeUpWhenWeAreThere" */ = {
			isa = XCConfigurationList;
			buildConfigurations = (
				7137900419802ACF006AAB8E /* Debug */,
				7137900519802ACF006AAB8E /* Release */,
			);
			defaultConfigurationIsVisible = 0;
			defaultConfigurationName = Release;
		};
		7137900619802ACF006AAB8E /* Build configuration list for PBXNativeTarget "WakeMeUpWhenWeAreThereTests" */ = {
			isa = XCConfigurationList;
			buildConfigurations = (
				7137900719802ACF006AAB8E /* Debug */,
				7137900819802ACF006AAB8E /* Release */,
			);
			defaultConfigurationIsVisible = 0;
			defaultConfigurationName = Release;
		};
/* End XCConfigurationList section */
	};
	rootObject = 71378FC919802ACF006AAB8E /* Project object */;
}
